
Microsoft Visual Studio Solution File, Format Version 12.00
# Visual Studio Version 17
VisualStudioVersion = 17.3.32901.215
MinimumVisualStudioVersion = 10.0.40219.1
Project("{9A19103F-16F7-4668-BE54-9A1E7A4F7556}") = "Internet_Banking", "Internet_Banking\Internet_Banking.csproj", "{164A3397-F7A1-46CA-90C4-E73B1DE8A492}"
EndProject
Project("{2150E333-8FDC-42A3-9474-1A3956D46DE8}") = "Source", "Source", "{B0D495D3-C260-479E-AC08-95A9F29C4EE0}"
EndProject
Project("{2150E333-8FDC-42A3-9474-1A3956D46DE8}") = "Core", "Core", "{DBD3BAAA-8E2C-4029-BEBB-495E9186659A}"
EndProject
Project("{2150E333-8FDC-42A3-9474-1A3956D46DE8}") = "Infrastructure", "Infrastructure", "{4C0D0C89-A317-45F1-B120-2F550715B068}"
EndProject
Project("{2150E333-8FDC-42A3-9474-1A3956D46DE8}") = "WebApp", "WebApp", "{96F9B5F9-2A55-4BAE-B2FD-AD044D4B741E}"
EndProject
Project("{9A19103F-16F7-4668-BE54-9A1E7A4F7556}") = "Core.Application", "Core.Application\Core.Application.csproj", "{3CDACEA5-2552-46AC-9E4A-97649E8B7F0B}"
EndProject
Project("{9A19103F-16F7-4668-BE54-9A1E7A4F7556}") = "Core.Domain", "Core.Domain\Core.Domain.csproj", "{077CA6E6-0C83-4CEE-ADD0-6FE6D2AD7ECA}"
EndProject
Project("{9A19103F-16F7-4668-BE54-9A1E7A4F7556}") = "Infrastructure.Persistence", "Infrastructure.Persistence\Infrastructure.Persistence.csproj", "{21F77D8E-C801-4D0D-A600-1BCA135216B6}"
EndProject
Project("{9A19103F-16F7-4668-BE54-9A1E7A4F7556}") = "Infrastructure.Shared", "Infrastructure.Shared\Infrastructure.Shared.csproj", "{055C386F-CB13-4673-A59B-6AA602BF5EC6}"
EndProject
Project("{9A19103F-16F7-4668-BE54-9A1E7A4F7556}") = "Infrastructure.Identity", "Infrastructure.Identity\Infrastructure.Identity.csproj", "{A87ADAFB-141F-43DE-98E6-CAD027438214}"
EndProject
Global
	GlobalSection(SolutionConfigurationPlatforms) = preSolution
		Debug|Any CPU = Debug|Any CPU
		Release|Any CPU = Release|Any CPU
	EndGlobalSection
	GlobalSection(ProjectConfigurationPlatforms) = postSolution
		{164A3397-F7A1-46CA-90C4-E73B1DE8A492}.Debug|Any CPU.ActiveCfg = Debug|Any CPU
		{164A3397-F7A1-46CA-90C4-E73B1DE8A492}.Debug|Any CPU.Build.0 = Debug|Any CPU
		{164A3397-F7A1-46CA-90C4-E73B1DE8A492}.Release|Any CPU.ActiveCfg = Release|Any CPU
		{164A3397-F7A1-46CA-90C4-E73B1DE8A492}.Release|Any CPU.Build.0 = Release|Any CPU
		{3CDACEA5-2552-46AC-9E4A-97649E8B7F0B}.Debug|Any CPU.ActiveCfg = Debug|Any CPU
		{3CDACEA5-2552-46AC-9E4A-97649E8B7F0B}.Debug|Any CPU.Build.0 = Debug|Any CPU
		{3CDACEA5-2552-46AC-9E4A-97649E8B7F0B}.Release|Any CPU.ActiveCfg = Release|Any CPU
		{3CDACEA5-2552-46AC-9E4A-97649E8B7F0B}.Release|Any CPU.Build.0 = Release|Any CPU
		{077CA6E6-0C83-4CEE-ADD0-6FE6D2AD7ECA}.Debug|Any CPU.ActiveCfg = Debug|Any CPU
		{077CA6E6-0C83-4CEE-ADD0-6FE6D2AD7ECA}.Debug|Any CPU.Build.0 = Debug|Any CPU
		{077CA6E6-0C83-4CEE-ADD0-6FE6D2AD7ECA}.Release|Any CPU.ActiveCfg = Release|Any CPU
		{077CA6E6-0C83-4CEE-ADD0-6FE6D2AD7ECA}.Release|Any CPU.Build.0 = Release|Any CPU
		{21F77D8E-C801-4D0D-A600-1BCA135216B6}.Debug|Any CPU.ActiveCfg = Debug|Any CPU
		{21F77D8E-C801-4D0D-A600-1BCA135216B6}.Debug|Any CPU.Build.0 = Debug|Any CPU
		{21F77D8E-C801-4D0D-A600-1BCA135216B6}.Release|Any CPU.ActiveCfg = Release|Any CPU
		{21F77D8E-C801-4D0D-A600-1BCA135216B6}.Release|Any CPU.Build.0 = Release|Any CPU
		{055C386F-CB13-4673-A59B-6AA602BF5EC6}.Debug|Any CPU.ActiveCfg = Debug|Any CPU
		{055C386F-CB13-4673-A59B-6AA602BF5EC6}.Debug|Any CPU.Build.0 = Debug|Any CPU
		{055C386F-CB13-4673-A59B-6AA602BF5EC6}.Release|Any CPU.ActiveCfg = Release|Any CPU
		{055C386F-CB13-4673-A59B-6AA602BF5EC6}.Release|Any CPU.Build.0 = Release|Any CPU
		{A87ADAFB-141F-43DE-98E6-CAD027438214}.Debug|Any CPU.ActiveCfg = Debug|Any CPU
		{A87ADAFB-141F-43DE-98E6-CAD027438214}.Debug|Any CPU.Build.0 = Debug|Any CPU
		{A87ADAFB-141F-43DE-98E6-CAD027438214}.Release|Any CPU.ActiveCfg = Release|Any CPU
		{A87ADAFB-141F-43DE-98E6-CAD027438214}.Release|Any CPU.Build.0 = Release|Any CPU
	EndGlobalSection
	GlobalSection(SolutionProperties) = preSolution
		HideSolutionNode = FALSE
	EndGlobalSection
	GlobalSection(NestedProjects) = preSolution
		{164A3397-F7A1-46CA-90C4-E73B1DE8A492} = {96F9B5F9-2A55-4BAE-B2FD-AD044D4B741E}
		{DBD3BAAA-8E2C-4029-BEBB-495E9186659A} = {B0D495D3-C260-479E-AC08-95A9F29C4EE0}
		{4C0D0C89-A317-45F1-B120-2F550715B068} = {B0D495D3-C260-479E-AC08-95A9F29C4EE0}
		{96F9B5F9-2A55-4BAE-B2FD-AD044D4B741E} = {B0D495D3-C260-479E-AC08-95A9F29C4EE0}
		{3CDACEA5-2552-46AC-9E4A-97649E8B7F0B} = {DBD3BAAA-8E2C-4029-BEBB-495E9186659A}
		{077CA6E6-0C83-4CEE-ADD0-6FE6D2AD7ECA} = {DBD3BAAA-8E2C-4029-BEBB-495E9186659A}
		{21F77D8E-C801-4D0D-A600-1BCA135216B6} = {4C0D0C89-A317-45F1-B120-2F550715B068}
		{055C386F-CB13-4673-A59B-6AA602BF5EC6} = {4C0D0C89-A317-45F1-B120-2F550715B068}
		{A87ADAFB-141F-43DE-98E6-CAD027438214} = {4C0D0C89-A317-45F1-B120-2F550715B068}
	EndGlobalSection
	GlobalSection(ExtensibilityGlobals) = postSolution
		SolutionGuid = {C0B15653-FA7A-4BB9-9E59-17B65D2A686C}
	EndGlobalSection
EndGlobal
